
Microsoft Visual Studio Solution File, Format Version 12.00
# Visual Studio Version 16
VisualStudioVersion = 16.0.31624.102
MinimumVisualStudioVersion = 10.0.40219.1
Project("{FAE04EC0-301F-11D3-BF4B-00C04F79EFBC}") = "produkt_", "produkt_.csproj", "{7EA2F2FD-9768-423A-88E6-61F8446C4CB1}"
EndProject
Global
	GlobalSection(SolutionConfigurationPlatforms) = preSolution
		Debug|Any CPU = Debug|Any CPU
		Release|Any CPU = Release|Any CPU
	EndGlobalSection
	GlobalSection(ProjectConfigurationPlatforms) = postSolution
		{7EA2F2FD-9768-423A-88E6-61F8446C4CB1}.Debug|Any CPU.ActiveCfg = Debug|Any CPU
		{7EA2F2FD-9768-423A-88E6-61F8446C4CB1}.Debug|Any CPU.Build.0 = Debug|Any CPU
		{7EA2F2FD-9768-423A-88E6-61F8446C4CB1}.Release|Any CPU.ActiveCfg = Release|Any CPU
		{7EA2F2FD-9768-423A-88E6-61F8446C4CB1}.Release|Any CPU.Build.0 = Release|Any CPU
	EndGlobalSection
	GlobalSection(SolutionProperties) = preSolution
		HideSolutionNode = FALSE
	EndGlobalSection
	GlobalSection(ExtensibilityGlobals) = postSolution
		SolutionGuid = {C529B73D-5065-47CB-8BEE-4DAD43A8E929}
	EndGlobalSection
EndGlobal
